{
    "_meta": {
        "hash": {
            "sha256": "952c968cfe01e182b5afacfa2e1b8a0a373741eac5f37231c09b0a07f16baf1d"
        },
        "pipfile-spec": 6,
        "requires": {
            "python_version": "3.7"
        },
        "sources": [
            {
                "name": "piwheels",
                "url": "https://www.piwheels.org/simple",
                "verify_ssl": true
            },
            {
                "name": "pypi",
                "url": "https://pypi.org/simple",
                "verify_ssl": true
            }
        ]
    },
    "default": {
        "adafruit-blinka": {
            "hashes": [
                "sha256:5e000d05e1889f72986cc6aeca412972d3dc5b3315cfe758396736730b159176",
                "sha256:d54f72e8456742048c8b1d25c036bf2304bdc147c4c439a054783c92d02d8b3d"
            ],
            "version": "==3.9.0"
        },
        "adafruit-circuitpython-matrixkeypad": {
            "hashes": [
                "sha256:1868dc480c3eea32021710d313a294d3bd279021966499f35d84fb0dd45cc231",
                "sha256:58c8ca943ff3429a9bfcc0d8f25a15b3864d5539a40e87b75b996ca6ea640117"
            ],
            "index": "piwheels",
            "version": "==1.1.5"
        },
        "adafruit-platformdetect": {
            "hashes": [
                "sha256:82e0746096fe0e32cd6a6acb66742ea3dbe7eb3143aca557077bb69b6c3fe15f",
                "sha256:f770c16de4d8d4e25ff3b59711869089ec12341bc16767a021f575f99fdee0f5"
            ],
            "version": "==2.2.0"
        },
        "adafruit-pureio": {
            "hashes": [
                "sha256:b67587ed3c4dc90bd0e9b988587efa66b4466abf71eb0dcbcd4695e7e4350326",
                "sha256:013ebe6119eaaa0d39716ea5fbfad4fcbada7c88eaebcc7d6615f9df44e53b8c"
            ],
            "version": "==1.0.4"
        },
        "colorzero": {
            "hashes": [
                "sha256:acba47119b5d8555680d3cda9afe6ccc5481385ccc3c00084dd973f7aa184599",
                "sha256:e3c36d15b293de2b2f77ff54a5bd243fffac941ed0a5332d0697a6612a26a0a3"
            ],
            "version": "==1.1"
        },
        "gpiozero": {
            "hashes": [
                "sha256:101044038e71cec8be2fa841d4cea9e50e7962e9fb0287f465298b59e3f06594",
                "sha256:ae1a8dc4e6e793ffd8f900968f3290d218052c46347fa0c0503c65fabe422e4d"
            ],
            "index": "piwheels",
            "version": "==1.5.1"
        },
        "nanpy": {
            "hashes": [
                "sha256:a2acd2931d0fa2f5469720f5b45d213da6277e101190743208e4d7beeefeee77",
                "sha256:8b57525ece2fbbc7f2e456ad4ae70cc98fc81b996009469c26ce42ee055a1884",
                "sha256:d33988ab389baf83a48b75057884d58fccdc611a26b3b4ac92bf3deab77770e9"
            ],
            "index": "piwheels",
            "version": "==0.9.6"
        },
        "paho-mqtt": {
            "hashes": [
                "sha256:f458d4ab1a3402db3869b89e6196f8a1cc02739d0a94a7129bb9676fb518d35f",
                "sha256:e3d286198baaea195c8b3bc221941d25a3ab0e1507fc1779bdb7473806394be4"
            ],
            "index": "piwheels",
            "version": "==1.5.0"
        },
        "picamera": {
            "hashes": [
                "sha256:122e792bb944973cdf2e810a8cbfc405d5c154083943ef75a5cc9f57ee4058f5",
                "sha256:890815aa01e4d855a6a95dd3ad0953b872a6b954982106407df0c5a31a163e50"
            ],
            "index": "piwheels",
            "version": "==1.13"
        },
        "pyftdi": {
            "hashes": [
                "sha256:15022dd464879a4a84871096f4656b5d7cb98c694f5c1fb6c881a1a30ed362e2",
                "sha256:4a2ad3df21440d164b45838323978dad9206d2f7d29d05337a21124275bbae3e"
            ],
            "version": "==0.43.0"
        },
        "pyjwt": {
            "hashes": [
                "sha256:5c6eca3c2940464d106b99ba83b00c6add741c9becaec087fb7ccdefea71350e",
                "sha256:8d59a976fb773f3e6a39c85636357c4f0e242707394cadadd9814f5cbaa20e96"
            ],
            "index": "piwheels",
            "version": "==1.7.1"
        },
        "pyserial": {
            "hashes": [
                "sha256:6e2d401fdee0eab996cf734e67773a0143b932772ca8b42451440cfed942c627",
                "sha256:e0770fadba80c31013896c7e6ef703f72e7834965954a78e71a3049488d4d7d8"
            ],
            "version": "==3.4"
        },
        "pyusb": {
            "hashes": [
                "sha256:789749b8a9bf3828c55d41df2c3e569739cd1bdbe1517e8d940af9587a711faa",
                "sha256:4e9b72cc4a4205ca64fbf1f3fff39a335512166c151ad103e55c8223ac147362"
            ],
            "version": "==1.0.2"
        },
        "rpi-lcd": {
            "hashes": [
                "sha256:381e6907b6a33c29e28c25905f0d734c54b5f3452ac5f054d5a09de0f1000666",
                "sha256:ceb0103b78046420b044300b0fb6d681e7277cdd19dd2601d84bcabbd5de9108"
            ],
            "index": "piwheels",
            "version": "==0.0.2"
        },
        "rpi-ws281x": {
            "hashes": [
                "sha256:185d7ae138a5633cf4cd707c55d7190b34810cc3f5e5682c820ddf1dade20914",
                "sha256:265a395410cc7199f779c4209ca3970b7211896b86dbaa4731bdc3569d2e595f",
                "sha256:544f09353ccb578452d0478470460d3425f40e8dd7433131a95239daeae83303",
                "sha256:bc3a22e55c2a10de5c4dfb23c13dceff66162e77eb7176701f1a0d5ae8b97695",
                "sha256:de182acceab047030056e2ab0dd2bd2632f2375f60d9a94cf7e3a8a4033834a0",
                "sha256:f35e698e0d4205cb1bc2835b46429235fa22e973c8320d661f16556ceaf0f90b"
            ],
            "version": "==4.2.3"
        },
        "rpi.gpio": {
            "hashes": [
                "sha256:6a4791f41cafc2ee6e4cb70e5bd31fadc66a0cfab29b38df8723a98f6f73ad5a",
                "sha256:7424bc6c205466764f30f666c18187a0824077daf20b295c42f08aea2cb87d3f",
                "sha256:7da5235aeba20da39ad4fb97f3ba3a2c6b2d60bba8958b00a4df42f608c6d42e",
                "sha256:5cd2f3c88d0b1e2f4780c905702c0474768c2bc113fb793121c2e117b401ab16"
            ],
            "index": "piwheels",
            "version": "==0.7.0"
        },
        "smbus": {
            "hashes": [
                "sha256:b467235734ae5c147c4ec0eff1afb9dba189d9d3cc086ed7e0d3dbf0ae485230",
                "sha256:39923448455a41c6bbe823de62b191103dd711917056362d9e4b1d2c6ec0f06d",
                "sha256:f96d345e0aa10053a8a4917634f1dc37ba1f656fa5cace7629b71777e90855c6",
                "sha256:3a04a09dd7bd2ce838a65f98d83901b3f6980593269d3668e974fc55a0db833e",
                "sha256:529f9effc383b6381534d1d845eaf1078bdd2d4e625c945b23cf274d5cf1c306"
            ],
            "version": "==1.1.post2"
        },
        "spidev": {
            "hashes": [
                "sha256:f7e180dc8f45b56388ff9659b55d6b891bd56f1433895ead804eb0a253a02305",
                "sha256:4314e52f573d95233c907f307558893313a8a606e197e77bb711526b0e179e80",
                "sha256:8c559661f75a60b70e2143eb1fe8561ddfda4cc1a2b44eee75b547e75c149ac8",
                "sha256:cacc06b27fd98ff5c73bad282de147f1ad20449fb0b7be1dfbb0c71a55b04b6b"
            ],
            "index": "piwheels",
            "version": "==3.4"
        },
        "sysv-ipc": {
            "hashes": [
                "sha256:344cd5349518bb11c18ed06c9e92ed3f1e4630754a472bda0ea68bff1b397983",
                "sha256:a67fc5b7a3dd5fc9c50776de0c65a44eb776d29bb88364dedb1fb1149e53a1f1",
                "sha256:e163a3a952ba1b97b47d76a4ab075bd70bcb2a696ea76782b93f26b06b58c206",
                "sha256:8eff10dd17789ddf21b422ce46ae0f6420088902a88e4296cb805cf2fde8b4dc",
                "sha256:719339a30411aa9d79179e91974e5cb432f30af44c6d32b3e1768dc634803ba7",
                "sha256:2b2b8491764845d06a9d5731ebe67f12fbe0c35967ac7f2bbe55ff24cb302405"
            ],
            "markers": "platform_system != 'Windows' and platform_machine != 'mips'",
            "version": "==1.0.1"
        }
    },
    "develop": {}
}
